
Microsoft Visual Studio Solution File, Format Version 12.00
# Visual Studio Version 17
VisualStudioVersion = 17.1.32407.343
MinimumVisualStudioVersion = 10.0.40219.1
Project("{FAE04EC0-301F-11D3-BF4B-00C04F79EFBC}") = "eShop.Api", "eShop.Api\eShop.Api.csproj", "{248162AD-E96B-4A18-A1B3-6C32964C1760}"
EndProject
Global
	GlobalSection(SolutionConfigurationPlatforms) = preSolution
		Debug|Any CPU = Debug|Any CPU
		Release|Any CPU = Release|Any CPU
	EndGlobalSection
	GlobalSection(ProjectConfigurationPlatforms) = postSolution
		{248162AD-E96B-4A18-A1B3-6C32964C1760}.Debug|Any CPU.ActiveCfg = Debug|Any CPU
		{248162AD-E96B-4A18-A1B3-6C32964C1760}.Debug|Any CPU.Build.0 = Debug|Any CPU
		{248162AD-E96B-4A18-A1B3-6C32964C1760}.Release|Any CPU.ActiveCfg = Release|Any CPU
		{248162AD-E96B-4A18-A1B3-6C32964C1760}.Release|Any CPU.Build.0 = Release|Any CPU
	EndGlobalSection
	GlobalSection(SolutionProperties) = preSolution
		HideSolutionNode = FALSE
	EndGlobalSection
	GlobalSection(ExtensibilityGlobals) = postSolution
		SolutionGuid = {60331F31-0329-45C2-8F01-5ECFD5C70E30}
	EndGlobalSection
EndGlobal
